NeoBundleLock ctrlp.vim f2effdc86abf172d6562ec589fa1aa2c8f136a08
NeoBundleLock neobundle.vim da586948ea027442d6c1b724e3b8c0937e224454
NeoBundleLock neosnippet-snippets 73352270db5e1432f1caafe78d1c2e0dbf11088f
NeoBundleLock neosnippet.vim d7145056c4b3b8177159a085cffbe54c18a7d248
NeoBundleLock rust.vim 4a211a458f4e27b98d7f373658b976b4c2217f85
NeoBundleLock syntastic 9af644dace47bb6692dd7364eb066e50c5f710b9
NeoBundleLock vim-colorschemes 81c6dd7ce3169e5ad9ba92422ba6e1ce5b074e36
NeoBundleLock vim-fugitive 4cc201cbe3a0c3faa4cde1b82ba941d410e5e81c
NeoBundleLock vimshell 3787e52766812d8b99a93ccdda57517bc2a0bab6
